{
  "name": "datauri-cmd",
  "version": "1.0.0",
  "lockfileVersion": 1,
  "requires": true,
  "dependencies": {
    "datauri": {
      "version": "1.0.5",
      "resolved": "https://registry.npmjs.org/datauri/-/datauri-1.0.5.tgz",
      "integrity": "sha1-0JddGrbI8uDOPKQ7qkU5vhLSiaA=",
      "dev": true,
      "requires": {
        "image-size": "0.3.5",
        "mimer": "0.2.1",
        "semver": "5.4.1"
      }
    },
    "image-size": {
      "version": "0.3.5",
      "resolved": "https://registry.npmjs.org/image-size/-/image-size-0.3.5.tgz",
      "integrity": "sha1-gyQOqy+1sAsEqrjHSwRx6cunrYw=",
      "dev": true
    },
    "mimer": {
      "version": "0.2.1",
      "resolved": "https://registry.npmjs.org/mimer/-/mimer-0.2.1.tgz",
      "integrity": "sha1-xjxaF/6GQj9RYahdVcPtUYm6r/w=",
      "dev": true
    },
    "semver": {
      "version": "5.4.1",
      "resolved": "https://registry.npmjs.org/semver/-/semver-5.4.1.tgz",
      "integrity": "sha512-WfG/X9+oATh81XtllIo/I8gOiY9EXRdv1cQdyykeXK17YcUW3EXUAi2To4pcH6nZtJPr7ZOpM5OMyWJZm+8Rsg==",
      "dev": true
    }
  }
}
